DEPENDENCIES
  firewall (~> 2.6.5)
  iptables (~> 4.4.1)
  nodejs (~> 6.0.0)
  sc-mongodb (~> 1.2.0)
  seven_zip (= 2.0.2)

GRAPH
  apt (7.1.1)
  ark (4.0.0)
    build-essential (>= 0.0.0)
    seven_zip (>= 0.0.0)
  build-essential (8.2.1)
    mingw (>= 1.1)
    seven_zip (>= 0.0.0)
  chef-sugar (4.1.0)
  firewall (2.6.5)
    chef-sugar (>= 0.0.0)
  iptables (4.4.1)
  mingw (2.1.0)
    seven_zip (>= 0.0.0)
  nodejs (6.0.0)
    ark (>= 2.0.2)
    build-essential (>= 5.0)
  sc-mongodb (1.2.0)
    apt (>= 1.8.2)
    build-essential (>= 5.0.0)
    yum (>= 3.0)
  seven_zip (2.0.2)
    windows (>= 1.2.2)
  windows (5.1.4)
  yum (5.1.0)
